
Microsoft Visual Studio Solution File, Format Version 12.00
# Visual Studio Version 16
VisualStudioVersion = 16.0.31911.196
MinimumVisualStudioVersion = 10.0.40219.1
Project("{9A19103F-16F7-4668-BE54-9A1E7A4F7556}") = "WebApplication MVC cursach", "WebApplication MVC cursach\WebApplication MVC cursach.csproj", "{94F8B087-2F85-48AE-8A10-757284E7B792}"
EndProject
Project("{FAE04EC0-301F-11D3-BF4B-00C04F79EFBC}") = "Tests for cursach", "Tests for cursach\Tests for cursach.csproj", "{C635CCF1-175E-483A-A096-6E38086AF296}"
EndProject
Global
	GlobalSection(SolutionConfigurationPlatforms) = preSolution
		Debug|Any CPU = Debug|Any CPU
		Release|Any CPU = Release|Any CPU
	EndGlobalSection
	GlobalSection(ProjectConfigurationPlatforms) = postSolution
		{94F8B087-2F85-48AE-8A10-757284E7B792}.Debug|Any CPU.ActiveCfg = Debug|Any CPU
		{94F8B087-2F85-48AE-8A10-757284E7B792}.Debug|Any CPU.Build.0 = Debug|Any CPU
		{94F8B087-2F85-48AE-8A10-757284E7B792}.Release|Any CPU.ActiveCfg = Release|Any CPU
		{94F8B087-2F85-48AE-8A10-757284E7B792}.Release|Any CPU.Build.0 = Release|Any CPU
		{C635CCF1-175E-483A-A096-6E38086AF296}.Debug|Any CPU.ActiveCfg = Debug|Any CPU
		{C635CCF1-175E-483A-A096-6E38086AF296}.Debug|Any CPU.Build.0 = Debug|Any CPU
		{C635CCF1-175E-483A-A096-6E38086AF296}.Release|Any CPU.ActiveCfg = Release|Any CPU
		{C635CCF1-175E-483A-A096-6E38086AF296}.Release|Any CPU.Build.0 = Release|Any CPU
	EndGlobalSection
	GlobalSection(SolutionProperties) = preSolution
		HideSolutionNode = FALSE
	EndGlobalSection
	GlobalSection(ExtensibilityGlobals) = postSolution
		SolutionGuid = {2E4FD810-BE73-4400-9BC1-6C78CB54BA06}
	EndGlobalSection
EndGlobal
